
Microsoft Visual Studio Solution File, Format Version 12.00
# Visual Studio 2013
VisualStudioVersion = 12.0.21005.1
MinimumVisualStudioVersion = 10.0.40219.1
Project("{8BC9CEB8-8B4A-11D0-8D11-00A0C91BC942}") = "L030 Substring with Concatenation of All Words", "L030 Substring with Concatenation of All Words\L030 Substring with Concatenation of All Words.vcxproj", "{7B27E25E-39CF-4924-9BFC-F94F5AD50ADF}"
EndProject
Project("{8BC9CEB8-8B4A-11D0-8D11-00A0C91BC942}") = "L174 Dungeon Game", "L174 Dungeon Game\L174 Dungeon Game.vcxproj", "{AF7158E4-BF59-4B9F-9536-C04ADB2F931A}"
EndProject
Project("{8BC9CEB8-8B4A-11D0-8D11-00A0C91BC942}") = "L321 Create Maximum Number", "L321 Create Maximum Number\L321 Create Maximum Number.vcxproj", "{B794C887-ACC0-4050-92EE-34E8A4A125C1}"
EndProject
Project("{8BC9CEB8-8B4A-11D0-8D11-00A0C91BC942}") = "L140 Word Break II", "L140 Word Break II\L140 Word Break II.vcxproj", "{C6AC6F32-4190-453C-9835-F182C6441816}"
EndProject
Project("{8BC9CEB8-8B4A-11D0-8D11-00A0C91BC942}") = "L214 Shortest Palindrome", "L214 Shortest Palindrome\L214 Shortest Palindrome.vcxproj", "{9FBFEF4E-6788-4BA5-97FF-FC92CFE982C2}"
EndProject
Project("{8BC9CEB8-8B4A-11D0-8D11-00A0C91BC942}") = "L212 Word Search II", "L212 Word Search II\L212 Word Search II.vcxproj", "{4D9DB7B1-02FC-4D85-9991-E73EC7FB4294}"
EndProject
Project("{8BC9CEB8-8B4A-11D0-8D11-00A0C91BC942}") = "L004 Median of Two Sorted Arrays", "L004 Median of Two Sorted Arrays\L004 Median of Two Sorted Arrays.vcxproj", "{ACC7CBEB-60E8-4871-B2B9-3D5A5B3612EB}"
EndProject
Project("{8BC9CEB8-8B4A-11D0-8D11-00A0C91BC942}") = "L044 Wildcard Matching", "L044 Wildcard Matching\L044 Wildcard Matching.vcxproj", "{4F265DCF-38D6-4CA8-B479-AE09A5EB31F3}"
EndProject
Project("{8BC9CEB8-8B4A-11D0-8D11-00A0C91BC942}") = "L068 Text Justification", "L068 Text Justification\L068 Text Justification.vcxproj", "{4C590D94-E3DB-45F7-84B7-C383F0CD6583}"
EndProject
Project("{8BC9CEB8-8B4A-11D0-8D11-00A0C91BC942}") = "L146 LRU Cache", "L146 LRU Cache\L146 LRU Cache.vcxproj", "{7B5C4783-327F-4E6B-B9DB-8CE1E52A712E}"
EndProject
Project("{8BC9CEB8-8B4A-11D0-8D11-00A0C91BC942}") = "L149 Max Points on a Line", "L149 Max Points on a Line\L149 Max Points on a Line.vcxproj", "{81884C57-05F0-4A93-A03C-FB9D0D91C094}"
EndProject
Project("{8BC9CEB8-8B4A-11D0-8D11-00A0C91BC942}") = "L126 Word Ladder II", "L126 Word Ladder II\L126 Word Ladder II.vcxproj", "{4BD62E2F-6C88-4885-A538-429DA893DF7C}"
EndProject
Project("{8BC9CEB8-8B4A-11D0-8D11-00A0C91BC942}") = "L065 Valid Number", "L065 Valid Number\L065 Valid Number.vcxproj", "{BE8B6039-F37C-4E79-BA50-AF9FAE5862B4}"
EndProject
Project("{8BC9CEB8-8B4A-11D0-8D11-00A0C91BC942}") = "L060 Permutation Sequence", "L060 Permutation Sequence\L060 Permutation Sequence.vcxproj", "{0768703C-03B0-48AD-A9D2-86F132A61474}"
EndProject
Project("{8BC9CEB8-8B4A-11D0-8D11-00A0C91BC942}") = "L015 3Sum", "L015 3Sum\L015 3Sum.vcxproj", "{AEE5A0CE-5ADB-4017-92E3-3E2AA9823BE2}"
EndProject
Project("{8BC9CEB8-8B4A-11D0-8D11-00A0C91BC942}") = "L144 Binary Tree Preorder Traversal", "L144 Binary Tree Preorder Traversal\L144 Binary Tree Preorder Traversal.vcxproj", "{8511EB68-246F-45B6-806C-6E812013F9DB}"
EndProject
Project("{8BC9CEB8-8B4A-11D0-8D11-00A0C91BC942}") = "L231 Power of Two", "L231 Power of Two\L231 Power of Two.vcxproj", "{8E8C16BF-0C30-4A1D-8464-2AED43F385EF}"
EndProject
Project("{8BC9CEB8-8B4A-11D0-8D11-00A0C91BC942}") = "L093 Restore IP Addresses", "L093 Restore IP Addresses\L093 Restore IP Addresses.vcxproj", "{1493E046-A6CC-4315-AA10-14FA156C452D}"
EndProject
Project("{8BC9CEB8-8B4A-11D0-8D11-00A0C91BC942}") = "L135 Candy", "L135 Candy\L135 Candy.vcxproj", "{122B22F4-AF54-41AE-A5F0-DCCD473EB615}"
EndProject
Project("{8BC9CEB8-8B4A-11D0-8D11-00A0C91BC942}") = "L150 Evaluate Reverse Polish Notation", "L150 Evaluate Reverse Polish Notation\L150 Evaluate Reverse Polish Notation.vcxproj", "{C025F9B9-F040-4C9A-857F-EAEC6CF19C33}"
EndProject
Project("{8BC9CEB8-8B4A-11D0-8D11-00A0C91BC942}") = "L096 Unique Binary Search Trees", "L096 Unique Binary Search Trees\L096 Unique Binary Search Trees.vcxproj", "{3C3FB73E-C032-419E-9C45-F8A0A9F5633C}"
EndProject
Project("{8BC9CEB8-8B4A-11D0-8D11-00A0C91BC942}") = "L086 Partition List", "L086 Partition List\L086 Partition List.vcxproj", "{1E51B3C4-3C11-456F-999E-2BEBEF58BAA0}"
EndProject
Global
	GlobalSection(SolutionConfigurationPlatforms) = preSolution
		Debug|Win32 = Debug|Win32
		Release|Win32 = Release|Win32
	EndGlobalSection
	GlobalSection(ProjectConfigurationPlatforms) = postSolution
		{7B27E25E-39CF-4924-9BFC-F94F5AD50ADF}.Debug|Win32.ActiveCfg = Debug|Win32
		{7B27E25E-39CF-4924-9BFC-F94F5AD50ADF}.Debug|Win32.Build.0 = Debug|Win32
		{7B27E25E-39CF-4924-9BFC-F94F5AD50ADF}.Release|Win32.ActiveCfg = Release|Win32
		{7B27E25E-39CF-4924-9BFC-F94F5AD50ADF}.Release|Win32.Build.0 = Release|Win32
		{AF7158E4-BF59-4B9F-9536-C04ADB2F931A}.Debug|Win32.ActiveCfg = Debug|Win32
		{AF7158E4-BF59-4B9F-9536-C04ADB2F931A}.Debug|Win32.Build.0 = Debug|Win32
		{AF7158E4-BF59-4B9F-9536-C04ADB2F931A}.Release|Win32.ActiveCfg = Release|Win32
		{AF7158E4-BF59-4B9F-9536-C04ADB2F931A}.Release|Win32.Build.0 = Release|Win32
		{B794C887-ACC0-4050-92EE-34E8A4A125C1}.Debug|Win32.ActiveCfg = Debug|Win32
		{B794C887-ACC0-4050-92EE-34E8A4A125C1}.Debug|Win32.Build.0 = Debug|Win32
		{B794C887-ACC0-4050-92EE-34E8A4A125C1}.Release|Win32.ActiveCfg = Release|Win32
		{B794C887-ACC0-4050-92EE-34E8A4A125C1}.Release|Win32.Build.0 = Release|Win32
		{C6AC6F32-4190-453C-9835-F182C6441816}.Debug|Win32.ActiveCfg = Debug|Win32
		{C6AC6F32-4190-453C-9835-F182C6441816}.Debug|Win32.Build.0 = Debug|Win32
		{C6AC6F32-4190-453C-9835-F182C6441816}.Release|Win32.ActiveCfg = Release|Win32
		{C6AC6F32-4190-453C-9835-F182C6441816}.Release|Win32.Build.0 = Release|Win32
		{9FBFEF4E-6788-4BA5-97FF-FC92CFE982C2}.Debug|Win32.ActiveCfg = Debug|Win32
		{9FBFEF4E-6788-4BA5-97FF-FC92CFE982C2}.Debug|Win32.Build.0 = Debug|Win32
		{9FBFEF4E-6788-4BA5-97FF-FC92CFE982C2}.Release|Win32.ActiveCfg = Release|Win32
		{9FBFEF4E-6788-4BA5-97FF-FC92CFE982C2}.Release|Win32.Build.0 = Release|Win32
		{4D9DB7B1-02FC-4D85-9991-E73EC7FB4294}.Debug|Win32.ActiveCfg = Debug|Win32
		{4D9DB7B1-02FC-4D85-9991-E73EC7FB4294}.Debug|Win32.Build.0 = Debug|Win32
		{4D9DB7B1-02FC-4D85-9991-E73EC7FB4294}.Release|Win32.ActiveCfg = Release|Win32
		{4D9DB7B1-02FC-4D85-9991-E73EC7FB4294}.Release|Win32.Build.0 = Release|Win32
		{ACC7CBEB-60E8-4871-B2B9-3D5A5B3612EB}.Debug|Win32.ActiveCfg = Debug|Win32
		{ACC7CBEB-60E8-4871-B2B9-3D5A5B3612EB}.Debug|Win32.Build.0 = Debug|Win32
		{ACC7CBEB-60E8-4871-B2B9-3D5A5B3612EB}.Release|Win32.ActiveCfg = Release|Win32
		{ACC7CBEB-60E8-4871-B2B9-3D5A5B3612EB}.Release|Win32.Build.0 = Release|Win32
		{4F265DCF-38D6-4CA8-B479-AE09A5EB31F3}.Debug|Win32.ActiveCfg = Debug|Win32
		{4F265DCF-38D6-4CA8-B479-AE09A5EB31F3}.Debug|Win32.Build.0 = Debug|Win32
		{4F265DCF-38D6-4CA8-B479-AE09A5EB31F3}.Release|Win32.ActiveCfg = Release|Win32
		{4F265DCF-38D6-4CA8-B479-AE09A5EB31F3}.Release|Win32.Build.0 = Release|Win32
		{4C590D94-E3DB-45F7-84B7-C383F0CD6583}.Debug|Win32.ActiveCfg = Debug|Win32
		{4C590D94-E3DB-45F7-84B7-C383F0CD6583}.Debug|Win32.Build.0 = Debug|Win32
		{4C590D94-E3DB-45F7-84B7-C383F0CD6583}.Release|Win32.ActiveCfg = Release|Win32
		{4C590D94-E3DB-45F7-84B7-C383F0CD6583}.Release|Win32.Build.0 = Release|Win32
		{7B5C4783-327F-4E6B-B9DB-8CE1E52A712E}.Debug|Win32.ActiveCfg = Debug|Win32
		{7B5C4783-327F-4E6B-B9DB-8CE1E52A712E}.Debug|Win32.Build.0 = Debug|Win32
		{7B5C4783-327F-4E6B-B9DB-8CE1E52A712E}.Release|Win32.ActiveCfg = Release|Win32
		{7B5C4783-327F-4E6B-B9DB-8CE1E52A712E}.Release|Win32.Build.0 = Release|Win32
		{81884C57-05F0-4A93-A03C-FB9D0D91C094}.Debug|Win32.ActiveCfg = Debug|Win32
		{81884C57-05F0-4A93-A03C-FB9D0D91C094}.Debug|Win32.Build.0 = Debug|Win32
		{81884C57-05F0-4A93-A03C-FB9D0D91C094}.Release|Win32.ActiveCfg = Release|Win32
		{81884C57-05F0-4A93-A03C-FB9D0D91C094}.Release|Win32.Build.0 = Release|Win32
		{4BD62E2F-6C88-4885-A538-429DA893DF7C}.Debug|Win32.ActiveCfg = Debug|Win32
		{4BD62E2F-6C88-4885-A538-429DA893DF7C}.Debug|Win32.Build.0 = Debug|Win32
		{4BD62E2F-6C88-4885-A538-429DA893DF7C}.Release|Win32.ActiveCfg = Release|Win32
		{4BD62E2F-6C88-4885-A538-429DA893DF7C}.Release|Win32.Build.0 = Release|Win32
		{BE8B6039-F37C-4E79-BA50-AF9FAE5862B4}.Debug|Win32.ActiveCfg = Debug|Win32
		{BE8B6039-F37C-4E79-BA50-AF9FAE5862B4}.Debug|Win32.Build.0 = Debug|Win32
		{BE8B6039-F37C-4E79-BA50-AF9FAE5862B4}.Release|Win32.ActiveCfg = Release|Win32
		{BE8B6039-F37C-4E79-BA50-AF9FAE5862B4}.Release|Win32.Build.0 = Release|Win32
		{0768703C-03B0-48AD-A9D2-86F132A61474}.Debug|Win32.ActiveCfg = Debug|Win32
		{0768703C-03B0-48AD-A9D2-86F132A61474}.Debug|Win32.Build.0 = Debug|Win32
		{0768703C-03B0-48AD-A9D2-86F132A61474}.Release|Win32.ActiveCfg = Release|Win32
		{0768703C-03B0-48AD-A9D2-86F132A61474}.Release|Win32.Build.0 = Release|Win32
		{AEE5A0CE-5ADB-4017-92E3-3E2AA9823BE2}.Debug|Win32.ActiveCfg = Debug|Win32
		{AEE5A0CE-5ADB-4017-92E3-3E2AA9823BE2}.Debug|Win32.Build.0 = Debug|Win32
		{AEE5A0CE-5ADB-4017-92E3-3E2AA9823BE2}.Release|Win32.ActiveCfg = Release|Win32
		{AEE5A0CE-5ADB-4017-92E3-3E2AA9823BE2}.Release|Win32.Build.0 = Release|Win32
		{8511EB68-246F-45B6-806C-6E812013F9DB}.Debug|Win32.ActiveCfg = Debug|Win32
		{8511EB68-246F-45B6-806C-6E812013F9DB}.Debug|Win32.Build.0 = Debug|Win32
		{8511EB68-246F-45B6-806C-6E812013F9DB}.Release|Win32.ActiveCfg = Release|Win32
		{8511EB68-246F-45B6-806C-6E812013F9DB}.Release|Win32.Build.0 = Release|Win32
		{8E8C16BF-0C30-4A1D-8464-2AED43F385EF}.Debug|Win32.ActiveCfg = Debug|Win32
		{8E8C16BF-0C30-4A1D-8464-2AED43F385EF}.Debug|Win32.Build.0 = Debug|Win32
		{8E8C16BF-0C30-4A1D-8464-2AED43F385EF}.Release|Win32.ActiveCfg = Release|Win32
		{8E8C16BF-0C30-4A1D-8464-2AED43F385EF}.Release|Win32.Build.0 = Release|Win32
		{1493E046-A6CC-4315-AA10-14FA156C452D}.Debug|Win32.ActiveCfg = Debug|Win32
		{1493E046-A6CC-4315-AA10-14FA156C452D}.Debug|Win32.Build.0 = Debug|Win32
		{1493E046-A6CC-4315-AA10-14FA156C452D}.Release|Win32.ActiveCfg = Release|Win32
		{1493E046-A6CC-4315-AA10-14FA156C452D}.Release|Win32.Build.0 = Release|Win32
		{122B22F4-AF54-41AE-A5F0-DCCD473EB615}.Debug|Win32.ActiveCfg = Debug|Win32
		{122B22F4-AF54-41AE-A5F0-DCCD473EB615}.Debug|Win32.Build.0 = Debug|Win32
		{122B22F4-AF54-41AE-A5F0-DCCD473EB615}.Release|Win32.ActiveCfg = Release|Win32
		{122B22F4-AF54-41AE-A5F0-DCCD473EB615}.Release|Win32.Build.0 = Release|Win32
		{C025F9B9-F040-4C9A-857F-EAEC6CF19C33}.Debug|Win32.ActiveCfg = Debug|Win32
		{C025F9B9-F040-4C9A-857F-EAEC6CF19C33}.Debug|Win32.Build.0 = Debug|Win32
		{C025F9B9-F040-4C9A-857F-EAEC6CF19C33}.Release|Win32.ActiveCfg = Release|Win32
		{C025F9B9-F040-4C9A-857F-EAEC6CF19C33}.Release|Win32.Build.0 = Release|Win32
		{3C3FB73E-C032-419E-9C45-F8A0A9F5633C}.Debug|Win32.ActiveCfg = Debug|Win32
		{3C3FB73E-C032-419E-9C45-F8A0A9F5633C}.Debug|Win32.Build.0 = Debug|Win32
		{3C3FB73E-C032-419E-9C45-F8A0A9F5633C}.Release|Win32.ActiveCfg = Release|Win32
		{3C3FB73E-C032-419E-9C45-F8A0A9F5633C}.Release|Win32.Build.0 = Release|Win32
		{1E51B3C4-3C11-456F-999E-2BEBEF58BAA0}.Debug|Win32.ActiveCfg = Debug|Win32
		{1E51B3C4-3C11-456F-999E-2BEBEF58BAA0}.Debug|Win32.Build.0 = Debug|Win32
		{1E51B3C4-3C11-456F-999E-2BEBEF58BAA0}.Release|Win32.ActiveCfg = Release|Win32
		{1E51B3C4-3C11-456F-999E-2BEBEF58BAA0}.Release|Win32.Build.0 = Release|Win32
	EndGlobalSection
	GlobalSection(SolutionProperties) = preSolution
		HideSolutionNode = FALSE
	EndGlobalSection
EndGlobal
